PODS:
  - AWSAPIGateway (2.6.27):
    - AWSCore (= 2.6.27)
  - AWSAuth (2.6.27):
    - AWSAuth/Core (= 2.6.27)
    - AWSAuth/FacebookSignIn (= 2.6.27)
    - AWSAuth/GoogleSignIn (= 2.6.27)
    - AWSAuth/UI (= 2.6.27)
    - AWSAuth/UserPoolsSignIn (= 2.6.27)
  - AWSAuth/Core (2.6.27):
    - AWSAuthCore (= 2.6.27)
  - AWSAuth/FacebookSignIn (2.6.27):
    - AWSFacebookSignIn (= 2.6.27)
  - AWSAuth/GoogleSignIn (2.6.27):
    - AWSGoogleSignIn (= 2.6.27)
  - AWSAuth/UI (2.6.27):
    - AWSAuthUI (= 2.6.27)
  - AWSAuth/UserPoolsSignIn (2.6.27):
    - AWSUserPoolsSignIn (= 2.6.27)
  - AWSAuthCore (2.6.27):
    - AWSCore (= 2.6.27)
  - AWSAuthUI (2.6.27):
    - AWSAuthCore (= 2.6.27)
    - AWSCore (= 2.6.27)
  - AWSCognito (2.6.27):
    - AWSCore (= 2.6.27)
  - AWSCognitoAuth (2.6.27):
    - AWSCognitoIdentityProviderASF (= 1.0.1)
  - AWSCognitoIdentityProvider (2.6.27):
    - AWSCognitoIdentityProviderASF (= 1.0.1)
    - AWSCore (= 2.6.27)
  - AWSCognitoIdentityProviderASF (1.0.1)
  - AWSCognitoSync (2.6.27):
    - AWSCognito (= 2.6.27)
  - AWSCore (2.6.27)
  - AWSFacebookSignIn (2.6.27):
    - AWSAuthCore (= 2.6.27)
    - FBSDKCoreKit (~> 4.0)
    - FBSDKLoginKit (~> 4.0)
  - AWSGoogleSignIn (2.6.27):
    - AWSAuthCore (= 2.6.27)
  - AWSKinesis (2.6.27):
    - AWSCore (= 2.6.27)
  - AWSKinesisVideo (2.6.27):
    - AWSCore (= 2.6.27)
  - AWSKMS (2.6.27):
    - AWSCore (= 2.6.27)
  - AWSUserPoolsSignIn (2.6.27):
    - AWSAuthCore (= 2.6.27)
    - AWSCognitoIdentityProvider (= 2.6.27)
  - Bolts (1.9.0):
    - Bolts/AppLinks (= 1.9.0)
    - Bolts/Tasks (= 1.9.0)
  - Bolts/AppLinks (1.9.0):
    - Bolts/Tasks
  - Bolts/Tasks (1.9.0)
  - FBSDKCoreKit (4.35.0):
    - Bolts (~> 1.7)
  - FBSDKLoginKit (4.35.0):
    - FBSDKCoreKit

DEPENDENCIES:
  - AWSAPIGateway
  - AWSAuth
  - AWSAuthCore
  - AWSCognito
  - AWSCognitoAuth
  - AWSCognitoIdentityProvider
  - AWSCognitoSync
  - AWSCore
  - AWSKinesis
  - AWSKinesisVideo
  - AWSKMS

SPEC CHECKSUMS:
  AWSAPIGateway: 158b6bf5aa7fbc748701c9feea754e0516bc3406
  AWSAuth: f9270246a5b57a7bfe42b88820722fd16f8e2d6f
  AWSAuthCore: 307c3043e169893579391acd30d1150e2aabfe53
  AWSAuthUI: 32b201f4d5febeb3c30c130ee94fef95b1c3663a
  AWSCognito: 582d098de9b4cc16bd9fad8e2fbea9f7280ec428
  AWSCognitoAuth: 7fff204e45f8908ccf132024cdb0ebf3ea8eb357
  AWSCognitoIdentityProvider: 3bfcca5d995405ff6b96b1d20d2d4ab14f4c3800
  AWSCognitoIdentityProviderASF: f94f1a502e72ef3d0a1de93e10bf7a79c8698118
  AWSCognitoSync: fde723d6445f505e7a7d6628d05778145011ddfa
  AWSCore: 87e3711bc0d7e055f9d85b6ef272d7f91f2e0796
  AWSFacebookSignIn: b1124fd27ffa329212e5e29568ed28e95d2687d9
  AWSGoogleSignIn: f2cb14dbc2abd9bc6cd82f236784ef3ba91d8e3d
  AWSKinesis: 98eb06838e17d4ac0ba24a2b1f9a0abb22e90668
  AWSKinesisVideo: b5c8476f3f9257757acf8121c14ec239f6486cb3
  AWSKMS: e536c1a9b865cfccaef336c32c71871661198b8e
  AWSUserPoolsSignIn: c9ed1d0412d39d3fd91aef1f54dfad4ca627b81e
  Bolts: ac6567323eac61e203f6a9763667d0f711be34c8
  FBSDKCoreKit: 1a5b2e3ceb5ca827a53c54aa5f4a3480efff80d2
  FBSDKLoginKit: 00a3d65d1226852f9d76dcddff01981e5e6d9c38

PODFILE CHECKSUM: c07fd1b7669fe306b977706110fc8e37e8842e0a

COCOAPODS: 1.3.1
